
Microsoft Visual Studio Solution File, Format Version 12.00
# Visual Studio Version 17
VisualStudioVersion = 17.10.35013.160
MinimumVisualStudioVersion = 10.0.40219.1
Project("{FAE04EC0-301F-11D3-BF4B-00C04F79EFBC}") = "WebApi", "WebApi\WebApi.csproj", "{3E96FD40-41F0-4F0A-B62E-407C095673EA}"
EndProject
Project("{FAE04EC0-301F-11D3-BF4B-00C04F79EFBC}") = "Business", "Business\Business.csproj", "{918E5B79-D632-46F4-9FD9-14DE6ECF98AA}"
EndProject
Project("{FAE04EC0-301F-11D3-BF4B-00C04F79EFBC}") = "Core", "Core\Core.csproj", "{9FFDBFB6-7957-4AFD-9643-52A2DBBFD506}"
EndProject
Project("{FAE04EC0-301F-11D3-BF4B-00C04F79EFBC}") = "Data", "Data\Data.csproj", "{4304E523-12D7-4F0B-97F0-728674BF8D1C}"
EndProject
Project("{FAE04EC0-301F-11D3-BF4B-00C04F79EFBC}") = "Utils", "Utils\Utils.csproj", "{8D930726-83D0-4D63-9F8D-3A527D6BEDF7}"
EndProject
Global
	GlobalSection(SolutionConfigurationPlatforms) = preSolution
		Debug|Any CPU = Debug|Any CPU
		Release|Any CPU = Release|Any CPU
	EndGlobalSection
	GlobalSection(ProjectConfigurationPlatforms) = postSolution
		{3E96FD40-41F0-4F0A-B62E-407C095673EA}.Debug|Any CPU.ActiveCfg = Debug|Any CPU
		{3E96FD40-41F0-4F0A-B62E-407C095673EA}.Debug|Any CPU.Build.0 = Debug|Any CPU
		{3E96FD40-41F0-4F0A-B62E-407C095673EA}.Release|Any CPU.ActiveCfg = Release|Any CPU
		{3E96FD40-41F0-4F0A-B62E-407C095673EA}.Release|Any CPU.Build.0 = Release|Any CPU
		{918E5B79-D632-46F4-9FD9-14DE6ECF98AA}.Debug|Any CPU.ActiveCfg = Debug|Any CPU
		{918E5B79-D632-46F4-9FD9-14DE6ECF98AA}.Debug|Any CPU.Build.0 = Debug|Any CPU
		{918E5B79-D632-46F4-9FD9-14DE6ECF98AA}.Release|Any CPU.ActiveCfg = Release|Any CPU
		{918E5B79-D632-46F4-9FD9-14DE6ECF98AA}.Release|Any CPU.Build.0 = Release|Any CPU
		{9FFDBFB6-7957-4AFD-9643-52A2DBBFD506}.Debug|Any CPU.ActiveCfg = Debug|Any CPU
		{9FFDBFB6-7957-4AFD-9643-52A2DBBFD506}.Debug|Any CPU.Build.0 = Debug|Any CPU
		{9FFDBFB6-7957-4AFD-9643-52A2DBBFD506}.Release|Any CPU.ActiveCfg = Release|Any CPU
		{9FFDBFB6-7957-4AFD-9643-52A2DBBFD506}.Release|Any CPU.Build.0 = Release|Any CPU
		{4304E523-12D7-4F0B-97F0-728674BF8D1C}.Debug|Any CPU.ActiveCfg = Debug|Any CPU
		{4304E523-12D7-4F0B-97F0-728674BF8D1C}.Debug|Any CPU.Build.0 = Debug|Any CPU
		{4304E523-12D7-4F0B-97F0-728674BF8D1C}.Release|Any CPU.ActiveCfg = Release|Any CPU
		{4304E523-12D7-4F0B-97F0-728674BF8D1C}.Release|Any CPU.Build.0 = Release|Any CPU
		{8D930726-83D0-4D63-9F8D-3A527D6BEDF7}.Debug|Any CPU.ActiveCfg = Debug|Any CPU
		{8D930726-83D0-4D63-9F8D-3A527D6BEDF7}.Debug|Any CPU.Build.0 = Debug|Any CPU
		{8D930726-83D0-4D63-9F8D-3A527D6BEDF7}.Release|Any CPU.ActiveCfg = Release|Any CPU
		{8D930726-83D0-4D63-9F8D-3A527D6BEDF7}.Release|Any CPU.Build.0 = Release|Any CPU
	EndGlobalSection
	GlobalSection(SolutionProperties) = preSolution
		HideSolutionNode = FALSE
	EndGlobalSection
	GlobalSection(ExtensibilityGlobals) = postSolution
		SolutionGuid = {65515F6A-DAF4-4D35-A21D-955FA04C9E68}
	EndGlobalSection
EndGlobal
